<Solution>
  <Folder Name="/src/">
    <Project Path="src/AuctionHouse.API/AuctionHouse.API.csproj" />
    <Project Path="src/AuctionHouse.Application/AuctionHouse.Application.csproj" />
    <Project Path="src/AuctionHouse.Domain/AuctionHouse.Domain.csproj" />
    <Project Path="src/AuctionHouse.Infrastructure/AuctionHouse.Infrastructure.csproj" />
  </Folder>
  <Folder Name="/tests/">
    <Project Path="tests/AuctionHouse.Infrastructure.Tests/AuctionHouse.Infrastructure.Tests.csproj" />
  </Folder>
</Solution>
